
Microsoft Visual Studio Solution File, Format Version 12.00
# Visual Studio Version 17
VisualStudioVersion = 17.14.36301.6
MinimumVisualStudioVersion = 10.0.40219.1
Project("{FAE04EC0-301F-11D3-BF4B-00C04F79EFBC}") = "VM", "VM.csproj", "{4EA7B168-1827-4C8C-8E1C-9D40AB60B263}"
EndProject
Global
	GlobalSection(SolutionConfigurationPlatforms) = preSolution
		Debug|Any CPU = Debug|Any CPU
		Release|Any CPU = Release|Any CPU
	EndGlobalSection
	GlobalSection(ProjectConfigurationPlatforms) = postSolution
		{4EA7B168-1827-4C8C-8E1C-9D40AB60B263}.Debug|Any CPU.ActiveCfg = Debug|Any CPU
		{4EA7B168-1827-4C8C-8E1C-9D40AB60B263}.Debug|Any CPU.Build.0 = Debug|Any CPU
		{4EA7B168-1827-4C8C-8E1C-9D40AB60B263}.Release|Any CPU.ActiveCfg = Release|Any CPU
		{4EA7B168-1827-4C8C-8E1C-9D40AB60B263}.Release|Any CPU.Build.0 = Release|Any CPU
	EndGlobalSection
	GlobalSection(SolutionProperties) = preSolution
		HideSolutionNode = FALSE
	EndGlobalSection
	GlobalSection(ExtensibilityGlobals) = postSolution
		SolutionGuid = {FEFC4B37-C745-4D66-80E4-DA618A98E377}
	EndGlobalSection
EndGlobal
